
Microsoft Visual Studio Solution File, Format Version 12.00
# Visual Studio Version 16
VisualStudioVersion = 16.0.31702.278
MinimumVisualStudioVersion = 10.0.40219.1
Project("{8BC9CEB8-8B4A-11D0-8D11-00A0C91BC942}") = "strngbad", "strngbad\strngbad.vcxproj", "{DBC81E1B-791D-4079-AC5F-A5B7C5A4B593}"
EndProject
Global
	GlobalSection(SolutionConfigurationPlatforms) = preSolution
		Debug|x64 = Debug|x64
		Debug|x86 = Debug|x86
		Release|x64 = Release|x64
		Release|x86 = Release|x86
	EndGlobalSection
	GlobalSection(ProjectConfigurationPlatforms) = postSolution
		{DBC81E1B-791D-4079-AC5F-A5B7C5A4B593}.Debug|x64.ActiveCfg = Debug|x64
		{DBC81E1B-791D-4079-AC5F-A5B7C5A4B593}.Debug|x64.Build.0 = Debug|x64
		{DBC81E1B-791D-4079-AC5F-A5B7C5A4B593}.Debug|x86.ActiveCfg = Debug|Win32
		{DBC81E1B-791D-4079-AC5F-A5B7C5A4B593}.Debug|x86.Build.0 = Debug|Win32
		{DBC81E1B-791D-4079-AC5F-A5B7C5A4B593}.Release|x64.ActiveCfg = Release|x64
		{DBC81E1B-791D-4079-AC5F-A5B7C5A4B593}.Release|x64.Build.0 = Release|x64
		{DBC81E1B-791D-4079-AC5F-A5B7C5A4B593}.Release|x86.ActiveCfg = Release|Win32
		{DBC81E1B-791D-4079-AC5F-A5B7C5A4B593}.Release|x86.Build.0 = Release|Win32
	EndGlobalSection
	GlobalSection(SolutionProperties) = preSolution
		HideSolutionNode = FALSE
	EndGlobalSection
	GlobalSection(ExtensibilityGlobals) = postSolution
		SolutionGuid = {C920B3C4-C5B1-4436-A018-462ACD9C933C}
	EndGlobalSection
EndGlobal
